{
  "lockfileVersion": 1,
  "workspaces": {
    "": {
      "name": "ios-pwa-splash-gen",
      "dependencies": {
        "clerc": "^0.44.0",
      },
      "devDependencies": {
        "@types/bun": "latest",
        "prettier": "^3.5.3",
      },
      "peerDependencies": {
        "typescript": "^5.0.0",
      },
    },
  },
  "packages": {
    "@babel/runtime": ["@babel/runtime@7.27.0", "", { "dependencies": { "regenerator-runtime": "^0.14.0" } }, "sha512-VtPOkrdPHZsKc/clNqyi9WUA8TINkZ4cGk63UUE3u4pmB2k+ZMQRDuIOagv8UVd6j7k0T3+RRIb7beKTebNbcw=="],

    "@clerc/core": ["@clerc/core@0.44.0", "", { "dependencies": { "@clerc/utils": "0.44.0", "defu": "^6.1.2", "is-platform": "^1.0.0", "lite-emit": "^2.3.0", "type-fest": "^4.3.1", "type-flag": "^3.0.0" } }, "sha512-o8RgXNcMRoHRujSw9OPDMxqrmoNk7HG0XAZkjZgOrSyIfRXCf85VLyHGBT3XmaOrPEGY964h02ZxMVFdp8RnNQ=="],

    "@clerc/plugin-completions": ["@clerc/plugin-completions@0.44.0", "", { "dependencies": { "@clerc/utils": "0.44.0" }, "peerDependencies": { "@clerc/core": "*" } }, "sha512-r69KpaB+EcWccqe31OwK5iyJQZmgmhxJjEBL4RAGlRr2tu6MRX42AOmD3GDW+ZPHkc4D9NJdkqukLboTJlbycA=="],

    "@clerc/plugin-friendly-error": ["@clerc/plugin-friendly-error@0.44.0", "", { "dependencies": { "kons": "^0.7.1" }, "peerDependencies": { "@clerc/core": "*" } }, "sha512-hbGp+T+fl9Dz+Ln1LGoijbNL7N+RfBqhSRWtT55QdFPs86O7Mi5oqiqIrUS9wDpaHzJGn+ETFPIOUyDRdrD8ag=="],

    "@clerc/plugin-help": ["@clerc/plugin-help@0.44.0", "", { "dependencies": { "@clerc/utils": "0.44.0", "@types/text-table": "^0.2.3", "string-width": "^6.1.0", "text-table": "^0.2.0", "yoctocolors": "^1.0.0" }, "peerDependencies": { "@clerc/core": "*" } }, "sha512-QIH+Lrk6WZtXKNxEAA4gOk7dwseS7U0jTZ0TbJfcyOoNA3fF2p48UV8c7hmKk7OhfPS5009eJRW5CVQEgBB8Ng=="],

    "@clerc/plugin-not-found": ["@clerc/plugin-not-found@0.44.0", "", { "dependencies": { "@clerc/utils": "0.44.0", "didyoumean2": "^6.0.1", "yoctocolors": "^1.0.0" }, "peerDependencies": { "@clerc/core": "*" } }, "sha512-8GIxDv/V2qaKRJKy+jjHAmlCEbTabLYPIeklqY231skiNOYCDQ3wJS3isP7EQgARfhm0otMDRXPPC2aNfSJjRw=="],

    "@clerc/plugin-strict-flags": ["@clerc/plugin-strict-flags@0.44.0", "", { "peerDependencies": { "@clerc/core": "*" } }, "sha512-8ztQrn4pfCj6b/sDN1mU0MVlfSqp3qHohW59v6k6nS3UUnYytJDU5wZQZmQ+7t3DZqjw+Xle6ZzEIWQatAdZ9A=="],

    "@clerc/plugin-version": ["@clerc/plugin-version@0.44.0", "", { "dependencies": { "@clerc/utils": "0.44.0" }, "peerDependencies": { "@clerc/core": "*" } }, "sha512-YETH54A0sO32oJcLABpb4P5FyhEkhIhe5oe3IXyeUj9/LMcInvKCm6x/gDMIUjTQuh0a5l4iton0A1RscAANhw=="],

    "@clerc/utils": ["@clerc/utils@0.44.0", "", { "peerDependencies": { "@clerc/core": "*" } }, "sha512-//1zl8UgVhv1NbqsRoCWWci0Y9uBxzAVn8TqoKZchDywGQNZWK6vQI/Ms9uGe3+PZTDXedoXbVjklOINcVC2aA=="],

    "@types/bun": ["@types/bun@1.2.9", "", { "dependencies": { "bun-types": "1.2.9" } }, "sha512-epShhLGQYc4Bv/aceHbmBhOz1XgUnuTZgcxjxk+WXwNyDXavv5QHD1QEFV0FwbTSQtNq6g4ZcV6y0vZakTjswg=="],

    "@types/node": ["@types/node@22.14.1", "", { "dependencies": { "undici-types": "~6.21.0" } }, "sha512-u0HuPQwe/dHrItgHHpmw3N2fYCR6x4ivMNbPHRkBVP4CvN+kiRrKHWk3i8tXiO/joPwXLMYvF9TTF0eqgHIuOw=="],

    "@types/text-table": ["@types/text-table@0.2.5", "", {}, "sha512-hcZhlNvMkQG/k1vcZ6yHOl6WAYftQ2MLfTHcYRZ2xYZFD8tGVnE3qFV0lj1smQeDSR7/yY0PyuUalauf33bJeA=="],

    "@types/ws": ["@types/ws@8.18.1", "", { "dependencies": { "@types/node": "*" } }, "sha512-ThVF6DCVhA8kUGy+aazFQ4kXQ7E1Ty7A3ypFOe0IcJV8O/M511G99AW24irKrW56Wt44yG9+ij8FaqoBGkuBXg=="],

    "ansi-regex": ["ansi-regex@6.1.0", "", {}, "sha512-7HSX4QQb4CspciLpVFwyRe79O3xsIZDDLER21kERQ71oaPodF8jL725AgJMFAYbooIqolJoRLuM81SpeUkpkvA=="],

    "bun-types": ["bun-types@1.2.9", "", { "dependencies": { "@types/node": "*", "@types/ws": "*" } }, "sha512-dk/kOEfQbajENN/D6FyiSgOKEuUi9PWfqKQJEgwKrCMWbjS/S6tEXp178mWvWAcUSYm9ArDlWHZKO3T/4cLXiw=="],

    "clerc": ["clerc@0.44.0", "", { "dependencies": { "@clerc/core": "0.44.0", "@clerc/plugin-completions": "0.44.0", "@clerc/plugin-friendly-error": "0.44.0", "@clerc/plugin-help": "0.44.0", "@clerc/plugin-not-found": "0.44.0", "@clerc/plugin-strict-flags": "0.44.0", "@clerc/plugin-version": "0.44.0" } }, "sha512-fy7JcE7qW3hi5hvPeaEXKdgzeOz3WwE8Nd1SCfOpOSyWxoFJsLuHwUhwFggvJqEJIQ6kLTLZ7yWguwoTcMXO5w=="],

    "defu": ["defu@6.1.4", "", {}, "sha512-mEQCMmwJu317oSz8CwdIOdwf3xMif1ttiM8LTufzc3g6kR+9Pe236twL8j3IYT1F7GfRgGcW6MWxzZjLIkuHIg=="],

    "didyoumean2": ["didyoumean2@6.0.1", "", { "dependencies": { "@babel/runtime": "^7.19.0", "fastest-levenshtein": "^1.0.12", "lodash.deburr": "^4.1.0" } }, "sha512-PSy0zQwMg5O+LjT5Mz7vnKC8I7DfWLPF6M7oepqW7WP5mn2CY3hz46xZOa1GJY+KVfyXhdmz6+tdgXwrHlZc5g=="],

    "eastasianwidth": ["eastasianwidth@0.2.0", "", {}, "sha512-I88TYZWc9XiYHRQ4/3c5rjjfgkjhLyW2luGIheGERbNQ6OY7yTybanSpDXZa8y7VUP9YmDcYa+eyq4ca7iLqWA=="],

    "emoji-regex": ["emoji-regex@10.4.0", "", {}, "sha512-EC+0oUMY1Rqm4O6LLrgjtYDvcVYTy7chDnM4Q7030tP4Kwj3u/pR6gP9ygnp2CJMK5Gq+9Q2oqmrFJAz01DXjw=="],

    "escape-string-regexp": ["escape-string-regexp@5.0.0", "", {}, "sha512-/veY75JbMK4j1yjvuUxuVsiS/hr/4iHs9FTT6cgTexxdE0Ly/glccBAkloH/DofkjRbZU3bnoj38mOmhkZ0lHw=="],

    "fastest-levenshtein": ["fastest-levenshtein@1.0.16", "", {}, "sha512-eRnCtTTtGZFpQCwhJiUOuxPQWRXVKYDn0b2PeHfXL6/Zi53SLAzAHfVhVWK2AryC/WH05kGfxhFIPvTF0SXQzg=="],

    "figures": ["figures@5.0.0", "", { "dependencies": { "escape-string-regexp": "^5.0.0", "is-unicode-supported": "^1.2.0" } }, "sha512-ej8ksPF4x6e5wvK9yevct0UCXh8TTFlWGVLlgjZuoBH1HwjIfKE/IdL5mq89sFA7zELi1VhKpmtDnrs7zWyeyg=="],

    "is-platform": ["is-platform@1.0.0", "", {}, "sha512-AKxe6+dvzAQsDXhhhxGRL9G67q5rKiyTL0BUl5mCyQz2NdvmqWNmMsjoCOIVdyXOYpP6MhkmZ1DPYGkfgv0MpA=="],

    "is-unicode-supported": ["is-unicode-supported@1.3.0", "", {}, "sha512-43r2mRvz+8JRIKnWJ+3j8JtjRKZ6GmjzfaE/qiBJnikNnYv/6bagRJ1kUhNk8R5EX/GkobD+r+sfxCPJsiKBLQ=="],

    "kons": ["kons@0.7.1", "", { "dependencies": { "figures": "5.0.0", "picocolors": "^1.0.0" } }, "sha512-mW1CkTgrLeIQjiBYd1n0U73T/2W7Vdzxx8rpta5Q4cSDAlr8hXw+ZctxGZlGgdUAmlcDlpkh0vUX8AOW+y1dog=="],

    "lite-emit": ["lite-emit@2.3.0", "", {}, "sha512-QMPrnwPho7lfkzZUN3a0RJ/oiwpt464eXf6aVh1HGOYh+s7Utu78q3FcFbW59c8TNWWQaz9flKN1cEb8dmxD+g=="],

    "lodash.deburr": ["lodash.deburr@4.1.0", "", {}, "sha512-m/M1U1f3ddMCs6Hq2tAsYThTBDaAKFDX3dwDo97GEYzamXi9SqUpjWi/Rrj/gf3X2n8ktwgZrlP1z6E3v/IExQ=="],

    "picocolors": ["picocolors@1.1.1", "", {}, "sha512-xceH2snhtb5M9liqDsmEw56le376mTZkEX/jEb/RxNFyegNul7eNslCXP9FDj/Lcu0X8KEyMceP2ntpaHrDEVA=="],

    "prettier": ["prettier@3.5.3", "", { "bin": { "prettier": "bin/prettier.cjs" } }, "sha512-QQtaxnoDJeAkDvDKWCLiwIXkTgRhwYDEQCghU9Z6q03iyek/rxRh/2lC3HB7P8sWT2xC/y5JDctPLBIGzHKbhw=="],

    "regenerator-runtime": ["regenerator-runtime@0.14.1", "", {}, "sha512-dYnhHh0nJoMfnkZs6GmmhFknAGRrLznOu5nc9ML+EJxGvrx6H7teuevqVqCuPcPK//3eDrrjQhehXVx9cnkGdw=="],

    "string-width": ["string-width@6.1.0", "", { "dependencies": { "eastasianwidth": "^0.2.0", "emoji-regex": "^10.2.1", "strip-ansi": "^7.0.1" } }, "sha512-k01swCJAgQmuADB0YIc+7TuatfNvTBVOoaUWJjTB9R4VJzR5vNWzf5t42ESVZFPS8xTySF7CAdV4t/aaIm3UnQ=="],

    "strip-ansi": ["strip-ansi@7.1.0", "", { "dependencies": { "ansi-regex": "^6.0.1" } }, "sha512-iq6eVVI64nQQTRYq2KtEg2d2uU7LElhTJwsH4YzIHZshxlgZms/wIc4VoDQTlG/IvVIrBKG06CrZnp0qv7hkcQ=="],

    "text-table": ["text-table@0.2.0", "", {}, "sha512-N+8UisAXDGk8PFXP4HAzVR9nbfmVJ3zYLAWiTIoqC5v5isinhr+r5uaO8+7r3BMfuNIufIsA7RdpVgacC2cSpw=="],

    "type-fest": ["type-fest@4.39.1", "", {}, "sha512-uW9qzd66uyHYxwyVBYiwS4Oi0qZyUqwjU+Oevr6ZogYiXt99EOYtwvzMSLw1c3lYo2HzJsep/NB23iEVEgjG/w=="],

    "type-flag": ["type-flag@3.0.0", "", {}, "sha512-3YaYwMseXCAhBB14RXW5cRQfJQlEknS6i4C8fCfeUdS3ihG9EdccdR9kt3vP73ZdeTGmPb4bZtkDn5XMIn1DLA=="],

    "typescript": ["typescript@5.8.3", "", { "bin": { "tsc": "bin/tsc", "tsserver": "bin/tsserver" } }, "sha512-p1diW6TqL9L07nNxvRMM7hMMw4c5XOo/1ibL4aAIGmSAt9slTE1Xgw5KWuof2uTOvCg9BY7ZRi+GaF+7sfgPeQ=="],

    "undici-types": ["undici-types@6.21.0", "", {}, "sha512-iwDZqg0QAGrg9Rav5H4n0M64c3mkR59cJ6wQp+7C4nI0gsmExaedaYLNO44eT4AtBBwjbTiGPMlt2Md0T9H9JQ=="],

    "yoctocolors": ["yoctocolors@1.0.0", "", {}, "sha512-qJNAmSF77lWjfRVwCZK3PcKYWrr+55RUQTiXDxXHGbxzf8WuuRgftIB3hqZ5fykjOF/MC62cazsG/2ZDBedOnQ=="],
  }
}
